
Microsoft Visual Studio Solution File, Format Version 12.00
# Visual Studio Version 17
VisualStudioVersion = 17.4.33403.182
MinimumVisualStudioVersion = 10.0.40219.1
Project("{9A19103F-16F7-4668-BE54-9A1E7A4F7556}") = "EduHome.UI", "EduHome.UI\EduHome.UI.csproj", "{F52F4DDC-95F4-48DB-A8B8-F992A050DB1C}"
EndProject
Project("{9A19103F-16F7-4668-BE54-9A1E7A4F7556}") = "EduHome.Core", "EduHome.Core\EduHome.Core.csproj", "{74BC5415-75DF-4CB8-993D-2D7E178E0509}"
EndProject
Project("{9A19103F-16F7-4668-BE54-9A1E7A4F7556}") = "EduHomeDataAccess", "EduHomeDataAccess\EduHomeDataAccess.csproj", "{1031D3B3-DE32-4A2A-BE12-47D563C708C6}"
EndProject
Global
	GlobalSection(SolutionConfigurationPlatforms) = preSolution
		Debug|Any CPU = Debug|Any CPU
		Release|Any CPU = Release|Any CPU
	EndGlobalSection
	GlobalSection(ProjectConfigurationPlatforms) = postSolution
		{F52F4DDC-95F4-48DB-A8B8-F992A050DB1C}.Debug|Any CPU.ActiveCfg = Debug|Any CPU
		{F52F4DDC-95F4-48DB-A8B8-F992A050DB1C}.Debug|Any CPU.Build.0 = Debug|Any CPU
		{F52F4DDC-95F4-48DB-A8B8-F992A050DB1C}.Release|Any CPU.ActiveCfg = Release|Any CPU
		{F52F4DDC-95F4-48DB-A8B8-F992A050DB1C}.Release|Any CPU.Build.0 = Release|Any CPU
		{74BC5415-75DF-4CB8-993D-2D7E178E0509}.Debug|Any CPU.ActiveCfg = Debug|Any CPU
		{74BC5415-75DF-4CB8-993D-2D7E178E0509}.Debug|Any CPU.Build.0 = Debug|Any CPU
		{74BC5415-75DF-4CB8-993D-2D7E178E0509}.Release|Any CPU.ActiveCfg = Release|Any CPU
		{74BC5415-75DF-4CB8-993D-2D7E178E0509}.Release|Any CPU.Build.0 = Release|Any CPU
		{1031D3B3-DE32-4A2A-BE12-47D563C708C6}.Debug|Any CPU.ActiveCfg = Debug|Any CPU
		{1031D3B3-DE32-4A2A-BE12-47D563C708C6}.Debug|Any CPU.Build.0 = Debug|Any CPU
		{1031D3B3-DE32-4A2A-BE12-47D563C708C6}.Release|Any CPU.ActiveCfg = Release|Any CPU
		{1031D3B3-DE32-4A2A-BE12-47D563C708C6}.Release|Any CPU.Build.0 = Release|Any CPU
	EndGlobalSection
	GlobalSection(SolutionProperties) = preSolution
		HideSolutionNode = FALSE
	EndGlobalSection
	GlobalSection(ExtensibilityGlobals) = postSolution
		SolutionGuid = {4DCBA36C-EA7B-46D9-88B9-83042CB0BA9A}
	EndGlobalSection
EndGlobal
